// !$*UTF8*$!
{
	archiveVersion = 1;
	classes = {
	};
	objectVersion = 77;
	objects = {

/* Begin PBXBuildFile section */
		0823D6DD646E1FB099EAE745 /* cartoons.json in Resources */ = {isa = PBXBuildFile; fileRef = 0D76EF080B773BBFC18DFCB0 /* cartoons.json */; };
		1A20E994312C48D98C27A033 /* CartoonStore.swift in Sources */ = {isa = PBXBuildFile; fileRef = 174EE629BA633AF096A67246 /* CartoonStore.swift */; };
		2669ECEBF5484DB0F08B4FAF /* BookView.swift in Sources */ = {isa = PBXBuildFile; fileRef = 7D248129229953B7841143EC /* BookView.swift */; };
		2FC50BE0A5E5F63B688E42EA /* LandscapeWrapper.swift in Sources */ = {isa = PBXBuildFile; fileRef = 85D9E84DDB3860DD402A4F8F /* LandscapeWrapper.swift */; };
		79D0A5A9A4EBA37069835235 /* CommentsStore.swift in Sources */ = {isa = PBXBuildFile; fileRef = 8DBEFF5D3F1ECEA2295D4EA3 /* CommentsStore.swift */; };
		94B85AA63F8B0AACDFCB7F4B /* CommentsView.swift in Sources */ = {isa = PBXBuildFile; fileRef = 35E47950F7551A72DEB0F03C /* CommentsView.swift */; };
		99DEF2002522E1B7F3B44B70 /* Comment.swift in Sources */ = {isa = PBXBuildFile; fileRef = 5432890E441D7DE089FAC602 /* Comment.swift */; };
		9B1AE3A37920C8E5D2CDD746 /* Assets.xcassets in Resources */ = {isa = PBXBuildFile; fileRef = 79148B89802BE025BFF9A619 /* Assets.xcassets */; };
		A97072142160CAC1814DAC40 /* comments.json in Resources */ = {isa = PBXBuildFile; fileRef = 39D66B3E33E1540D4A1EAE2E /* comments.json */; };
		B93B44F0151506A543068371 /* CartoonImages in Resources */ = {isa = PBXBuildFile; fileRef = 8DDB993A1767C7B056E01CAD /* CartoonImages */; };
		E07E162D3772C8F26E7B0816 /* ContentView.swift in Sources */ = {isa = PBXBuildFile; fileRef = 81179397AF3632E790D1D9F3 /* ContentView.swift */; };
		E100961ACF6179DE419A4D05 /* Cartoon.swift in Sources */ = {isa = PBXBuildFile; fileRef = 551077F9B361E73C023564D9 /* Cartoon.swift */; };
		E2C0225F058EE2AF5FF5DDC4 /* BurfordsApp.swift in Sources */ = {isa = PBXBuildFile; fileRef = 6A112D0AEFEA7D7AECDE46C7 /* BurfordsApp.swift */; };
		ED429D4F88A15669828C7C9B /* CartoonDetailView.swift in Sources */ = {isa = PBXBuildFile; fileRef = F9BB67A9E6E9C945F040694D /* CartoonDetailView.swift */; };
		F3BBF35914FFA1003C590DDB /* AppDelegate.swift in Sources */ = {isa = PBXBuildFile; fileRef = ADE2D864C34EC0303F1557D8 /* AppDelegate.swift */; };
/* End PBXBuildFile section */

/* Begin PBXFileReference section */
		0D76EF080B773BBFC18DFCB0 /* cartoons.json */ = {isa = PBXFileReference; lastKnownFileType = text.json; path = cartoons.json; sourceTree = "<group>"; };
		174EE629BA633AF096A67246 /* CartoonStore.swift */ = {isa = PBXFileReference; lastKnownFileType = sourcecode.swift; path = CartoonStore.swift; sourceTree = "<group>"; };
		35E47950F7551A72DEB0F03C /* CommentsView.swift */ = {isa = PBXFileReference; lastKnownFileType = sourcecode.swift; path = CommentsView.swift; sourceTree = "<group>"; };
		39D66B3E33E1540D4A1EAE2E /* comments.json */ = {isa = PBXFileReference; lastKnownFileType = text.json; path = comments.json; sourceTree = "<group>"; };
		5432890E441D7DE089FAC602 /* Comment.swift */ = {isa = PBXFileReference; lastKnownFileType = sourcecode.swift; path = Comment.swift; sourceTree = "<group>"; };
		551077F9B361E73C023564D9 /* Cartoon.swift */ = {isa = PBXFileReference; lastKnownFileType = sourcecode.swift; path = Cartoon.swift; sourceTree = "<group>"; };
		6A112D0AEFEA7D7AECDE46C7 /* BurfordsApp.swift */ = {isa = PBXFileReference; lastKnownFileType = sourcecode.swift; path = BurfordsApp.swift; sourceTree = "<group>"; };
		6E387829B0EAED9CE0909927 /* 100 Burfords.app */ = {isa = PBXFileReference; includeInIndex = 0; lastKnownFileType = wrapper.application; path = "100 Burfords.app"; sourceTree = BUILT_PRODUCTS_DIR; };
		79148B89802BE025BFF9A619 /* Assets.xcassets */ = {isa = PBXFileReference; lastKnownFileType = folder.assetcatalog; path = Assets.xcassets; sourceTree = "<group>"; };
		7D248129229953B7841143EC /* BookView.swift */ = {isa = PBXFileReference; lastKnownFileType = sourcecode.swift; path = BookView.swift; sourceTree = "<group>"; };
		81179397AF3632E790D1D9F3 /* ContentView.swift */ = {isa = PBXFileReference; lastKnownFileType = sourcecode.swift; path = ContentView.swift; sourceTree = "<group>"; };
		85D9E84DDB3860DD402A4F8F /* LandscapeWrapper.swift */ = {isa = PBXFileReference; lastKnownFileType = sourcecode.swift; path = LandscapeWrapper.swift; sourceTree = "<group>"; };
		8DBEFF5D3F1ECEA2295D4EA3 /* CommentsStore.swift */ = {isa = PBXFileReference; lastKnownFileType = sourcecode.swift; path = CommentsStore.swift; sourceTree = "<group>"; };
		8DDB993A1767C7B056E01CAD /* CartoonImages */ = {isa = PBXFileReference; lastKnownFileType = folder; path = CartoonImages; sourceTree = SOURCE_ROOT; };
		ADE2D864C34EC0303F1557D8 /* AppDelegate.swift */ = {isa = PBXFileReference; lastKnownFileType = sourcecode.swift; path = AppDelegate.swift; sourceTree = "<group>"; };
		E88839C13FAC7DC1A00C72E2 /* Info.plist */ = {isa = PBXFileReference; lastKnownFileType = text.plist; path = Info.plist; sourceTree = "<group>"; };
		F9BB67A9E6E9C945F040694D /* CartoonDetailView.swift */ = {isa = PBXFileReference; lastKnownFileType = sourcecode.swift; path = CartoonDetailView.swift; sourceTree = "<group>"; };
/* End PBXFileReference section */

/* Begin PBXGroup section */
		14682AE38190B0B0CA4FE62E = {
			isa = PBXGroup;
			children = (
				8DDB993A1767C7B056E01CAD /* CartoonImages */,
				4137FEF2F53A44A1550C0A24 /* Sources */,
				BAD4C672E7AA5ABBC0EF4E01 /* Products */,
			);
			sourceTree = "<group>";
		};
		4137FEF2F53A44A1550C0A24 /* Sources */ = {
			isa = PBXGroup;
			children = (
				ADE2D864C34EC0303F1557D8 /* AppDelegate.swift */,
				79148B89802BE025BFF9A619 /* Assets.xcassets */,
				7D248129229953B7841143EC /* BookView.swift */,
				6A112D0AEFEA7D7AECDE46C7 /* BurfordsApp.swift */,
				551077F9B361E73C023564D9 /* Cartoon.swift */,
				F9BB67A9E6E9C945F040694D /* CartoonDetailView.swift */,
				0D76EF080B773BBFC18DFCB0 /* cartoons.json */,
				174EE629BA633AF096A67246 /* CartoonStore.swift */,
				5432890E441D7DE089FAC602 /* Comment.swift */,
				39D66B3E33E1540D4A1EAE2E /* comments.json */,
				8DBEFF5D3F1ECEA2295D4EA3 /* CommentsStore.swift */,
				35E47950F7551A72DEB0F03C /* CommentsView.swift */,
				81179397AF3632E790D1D9F3 /* ContentView.swift */,
				E88839C13FAC7DC1A00C72E2 /* Info.plist */,
				85D9E84DDB3860DD402A4F8F /* LandscapeWrapper.swift */,
			);
			path = Sources;
			sourceTree = "<group>";
		};
		BAD4C672E7AA5ABBC0EF4E01 /* Products */ = {
			isa = PBXGroup;
			children = (
				6E387829B0EAED9CE0909927 /* 100 Burfords.app */,
			);
			name = Products;
			sourceTree = "<group>";
		};
/* End PBXGroup section */

/* Begin PBXNativeTarget section */
		3AE34733B198150979A337F1 /* Burfords */ = {
			isa = PBXNativeTarget;
			buildConfigurationList = DB46E28BFFF1F75373E105A3 /* Build configuration list for PBXNativeTarget "Burfords" */;
			buildPhases = (
				34FDE29637F1AC4B1BAE108C /* Sources */,
				FC7B1668E2DD669682A8EFDB /* Resources */,
			);
			buildRules = (
			);
			dependencies = (
			);
			name = Burfords;
			packageProductDependencies = (
			);
			productName = Burfords;
			productReference = 6E387829B0EAED9CE0909927 /* 100 Burfords.app */;
			productType = "com.apple.product-type.application";
		};
/* End PBXNativeTarget section */

/* Begin PBXProject section */
		5F2BE0B56334E5C203FBA19D /* Project object */ = {
			isa = PBXProject;
			attributes = {
				BuildIndependentTargetsInParallel = YES;
				LastUpgradeCheck = 1430;
				TargetAttributes = {
					3AE34733B198150979A337F1 = {
						DevelopmentTeam = NEAY582ME4;
					};
				};
			};
			buildConfigurationList = 0180D5C4E7F96F641BCC55CD /* Build configuration list for PBXProject "100Burfords" */;
			compatibilityVersion = "Xcode 14.0";
			developmentRegion = en;
			hasScannedForEncodings = 0;
			knownRegions = (
				Base,
				en,
			);
			mainGroup = 14682AE38190B0B0CA4FE62E;
			minimizedProjectReferenceProxies = 1;
			preferredProjectObjectVersion = 77;
			projectDirPath = "";
			projectRoot = "";
			targets = (
				3AE34733B198150979A337F1 /* Burfords */,
			);
		};
/* End PBXProject section */

/* Begin PBXResourcesBuildPhase section */
		FC7B1668E2DD669682A8EFDB /* Resources */ = {
			isa = PBXResourcesBuildPhase;
			buildActionMask = 2147483647;
			files = (
				9B1AE3A37920C8E5D2CDD746 /* Assets.xcassets in Resources */,
				B93B44F0151506A543068371 /* CartoonImages in Resources */,
				0823D6DD646E1FB099EAE745 /* cartoons.json in Resources */,
				A97072142160CAC1814DAC40 /* comments.json in Resources */,
			);
			runOnlyForDeploymentPostprocessing = 0;
		};
/* End PBXResourcesBuildPhase section */

/* Begin PBXSourcesBuildPhase section */
		34FDE29637F1AC4B1BAE108C /* Sources */ = {
			isa = PBXSourcesBuildPhase;
			buildActionMask = 2147483647;
			files = (
				F3BBF35914FFA1003C590DDB /* AppDelegate.swift in Sources */,
				2669ECEBF5484DB0F08B4FAF /* BookView.swift in Sources */,
				E2C0225F058EE2AF5FF5DDC4 /* BurfordsApp.swift in Sources */,
				E100961ACF6179DE419A4D05 /* Cartoon.swift in Sources */,
				ED429D4F88A15669828C7C9B /* CartoonDetailView.swift in Sources */,
				1A20E994312C48D98C27A033 /* CartoonStore.swift in Sources */,
				99DEF2002522E1B7F3B44B70 /* Comment.swift in Sources */,
				79D0A5A9A4EBA37069835235 /* CommentsStore.swift in Sources */,
				94B85AA63F8B0AACDFCB7F4B /* CommentsView.swift in Sources */,
				E07E162D3772C8F26E7B0816 /* ContentView.swift in Sources */,
				2FC50BE0A5E5F63B688E42EA /* LandscapeWrapper.swift in Sources */,
			);
			runOnlyForDeploymentPostprocessing = 0;
		};
/* End PBXSourcesBuildPhase section */

/* Begin XCBuildConfiguration section */
		2187E290B06455B0F436697E /* Debug */ = {
			isa = XCBuildConfiguration;
			buildSettings = {
				ALWAYS_SEARCH_USER_PATHS = NO;
				CLANG_ANALYZER_NONNULL = YES;
				CLANG_ANALYZER_NUMBER_OBJECT_CONVERSION = YES_AGGRESSIVE;
				CLANG_CXX_LANGUAGE_STANDARD = "gnu++14";
				CLANG_CXX_LIBRARY = "libc++";
				CLANG_ENABLE_MODULES = YES;
				CLANG_ENABLE_OBJC_ARC = YES;
				CLANG_ENABLE_OBJC_WEAK = YES;
				CLANG_WARN_BLOCK_CAPTURE_AUTORELEASING = YES;
				CLANG_WARN_BOOL_CONVERSION = YES;
				CLANG_WARN_COMMA = YES;
				CLANG_WARN_CONSTANT_CONVERSION = YES;
				CLANG_WARN_DEPRECATED_OBJC_IMPLEMENTATIONS = YES;
				CLANG_WARN_DIRECT_OBJC_ISA_USAGE = YES_ERROR;
				CLANG_WARN_DOCUMENTATION_COMMENTS = YES;
				CLANG_WARN_EMPTY_BODY = YES;
				CLANG_WARN_ENUM_CONVERSION = YES;
				CLANG_WARN_INFINITE_RECURSION = YES;
				CLANG_WARN_INT_CONVERSION = YES;
				CLANG_WARN_NON_LITERAL_NULL_CONVERSION = YES;
				CLANG_WARN_OBJC_IMPLICIT_RETAIN_SELF = YES;
				CLANG_WARN_OBJC_LITERAL_CONVERSION = YES;
				CLANG_WARN_OBJC_ROOT_CLASS = YES_ERROR;
				CLANG_WARN_QUOTED_INCLUDE_IN_FRAMEWORK_HEADER = YES;
				CLANG_WARN_RANGE_LOOP_ANALYSIS = YES;
				CLANG_WARN_STRICT_PROTOTYPES = YES;
				CLANG_WARN_SUSPICIOUS_MOVE = YES;
				CLANG_WARN_UNGUARDED_AVAILABILITY = YES_AGGRESSIVE;
				CLANG_WARN_UNREACHABLE_CODE = YES;
				CLANG_WARN__DUPLICATE_METHOD_MATCH = YES;
				COPY_PHASE_STRIP = NO;
				DEBUG_INFORMATION_FORMAT = dwarf;
				ENABLE_STRICT_OBJC_MSGSEND = YES;
				ENABLE_TESTABILITY = YES;
				GCC_C_LANGUAGE_STANDARD = gnu11;
				GCC_DYNAMIC_NO_PIC = NO;
				GCC_NO_COMMON_BLOCKS = YES;
				GCC_OPTIMIZATION_LEVEL = 0;
				GCC_PREPROCESSOR_DEFINITIONS = (
					"$(inherited)",
					"DEBUG=1",
				);
				GCC_WARN_64_TO_32_BIT_CONVERSION = YES;
				GCC_WARN_ABOUT_RETURN_TYPE = YES_ERROR;
				GCC_WARN_UNDECLARED_SELECTOR = YES;
				GCC_WARN_UNINITIALIZED_AUTOS = YES_AGGRESSIVE;
				GCC_WARN_UNUSED_FUNCTION = YES;
				GCC_WARN_UNUSED_VARIABLE = YES;
				IPHONEOS_DEPLOYMENT_TARGET = 17.0;
				MTL_ENABLE_DEBUG_INFO = INCLUDE_SOURCE;
				MTL_FAST_MATH = YES;
				ONLY_ACTIVE_ARCH = YES;
				PRODUCT_NAME = "$(TARGET_NAME)";
				SDKROOT = iphoneos;
				SWIFT_ACTIVE_COMPILATION_CONDITIONS = DEBUG;
				SWIFT_OPTIMIZATION_LEVEL = "-Onone";
				SWIFT_VERSION = 5.0;
			};
			name = Debug;
		};
		5E53508DC905A55A68485B13 /* Release */ = {
			isa = XCBuildConfiguration;
			buildSettings = {
				ASSETCATALOG_COMPILER_APPICON_NAME = AppIcon;
				CODE_SIGN_IDENTITY = "iPhone Developer";
				CURRENT_PROJECT_VERSION = 1;
				DEVELOPMENT_TEAM = NEAY582ME4;
				INFOPLIST_FILE = Sources/Info.plist;
				IPHONEOS_DEPLOYMENT_TARGET = 17.0;
				LD_RUNPATH_SEARCH_PATHS = (
					"$(inherited)",
					"@executable_path/Frameworks",
				);
				MARKETING_VERSION = 1.0;
				PRODUCT_BUNDLE_IDENTIFIER = com.billdonner.burfords;
				SDKROOT = iphoneos;
				SWIFT_VERSION = 5.9;
				TARGETED_DEVICE_FAMILY = "1,2";
			};
			name = Release;
		};
		87FF84F0CA31785106ADB5E7 /* Release */ = {
			isa = XCBuildConfiguration;
			buildSettings = {
				ALWAYS_SEARCH_USER_PATHS = NO;
				CLANG_ANALYZER_NONNULL = YES;
				CLANG_ANALYZER_NUMBER_OBJECT_CONVERSION = YES_AGGRESSIVE;
				CLANG_CXX_LANGUAGE_STANDARD = "gnu++14";
				CLANG_CXX_LIBRARY = "libc++";
				CLANG_ENABLE_MODULES = YES;
				CLANG_ENABLE_OBJC_ARC = YES;
				CLANG_ENABLE_OBJC_WEAK = YES;
				CLANG_WARN_BLOCK_CAPTURE_AUTORELEASING = YES;
				CLANG_WARN_BOOL_CONVERSION = YES;
				CLANG_WARN_COMMA = YES;
				CLANG_WARN_CONSTANT_CONVERSION = YES;
				CLANG_WARN_DEPRECATED_OBJC_IMPLEMENTATIONS = YES;
				CLANG_WARN_DIRECT_OBJC_ISA_USAGE = YES_ERROR;
				CLANG_WARN_DOCUMENTATION_COMMENTS = YES;
				CLANG_WARN_EMPTY_BODY = YES;
				CLANG_WARN_ENUM_CONVERSION = YES;
				CLANG_WARN_INFINITE_RECURSION = YES;
				CLANG_WARN_INT_CONVERSION = YES;
				CLANG_WARN_NON_LITERAL_NULL_CONVERSION = YES;
				CLANG_WARN_OBJC_IMPLICIT_RETAIN_SELF = YES;
				CLANG_WARN_OBJC_LITERAL_CONVERSION = YES;
				CLANG_WARN_OBJC_ROOT_CLASS = YES_ERROR;
				CLANG_WARN_QUOTED_INCLUDE_IN_FRAMEWORK_HEADER = YES;
				CLANG_WARN_RANGE_LOOP_ANALYSIS = YES;
				CLANG_WARN_STRICT_PROTOTYPES = YES;
				CLANG_WARN_SUSPICIOUS_MOVE = YES;
				CLANG_WARN_UNGUARDED_AVAILABILITY = YES_AGGRESSIVE;
				CLANG_WARN_UNREACHABLE_CODE = YES;
				CLANG_WARN__DUPLICATE_METHOD_MATCH = YES;
				COPY_PHASE_STRIP = NO;
				DEBUG_INFORMATION_FORMAT = "dwarf-with-dsym";
				ENABLE_NS_ASSERTIONS = NO;
				ENABLE_STRICT_OBJC_MSGSEND = YES;
				GCC_C_LANGUAGE_STANDARD = gnu11;
				GCC_NO_COMMON_BLOCKS = YES;
				GCC_WARN_64_TO_32_BIT_CONVERSION = YES;
				GCC_WARN_ABOUT_RETURN_TYPE = YES_ERROR;
				GCC_WARN_UNDECLARED_SELECTOR = YES;
				GCC_WARN_UNINITIALIZED_AUTOS = YES_AGGRESSIVE;
				GCC_WARN_UNUSED_FUNCTION = YES;
				GCC_WARN_UNUSED_VARIABLE = YES;
				IPHONEOS_DEPLOYMENT_TARGET = 17.0;
				MTL_ENABLE_DEBUG_INFO = NO;
				MTL_FAST_MATH = YES;
				PRODUCT_NAME = "$(TARGET_NAME)";
				SDKROOT = iphoneos;
				SWIFT_COMPILATION_MODE = wholemodule;
				SWIFT_OPTIMIZATION_LEVEL = "-O";
				SWIFT_VERSION = 5.0;
			};
			name = Release;
		};
		F6DA3154EBC9F7921EFFB649 /* Debug */ = {
			isa = XCBuildConfiguration;
			buildSettings = {
				ASSETCATALOG_COMPILER_APPICON_NAME = AppIcon;
				CODE_SIGN_IDENTITY = "iPhone Developer";
				CURRENT_PROJECT_VERSION = 1;
				DEVELOPMENT_TEAM = NEAY582ME4;
				INFOPLIST_FILE = Sources/Info.plist;
				IPHONEOS_DEPLOYMENT_TARGET = 17.0;
				LD_RUNPATH_SEARCH_PATHS = (
					"$(inherited)",
					"@executable_path/Frameworks",
				);
				MARKETING_VERSION = 1.0;
				PRODUCT_BUNDLE_IDENTIFIER = com.billdonner.burfords;
				SDKROOT = iphoneos;
				SWIFT_VERSION = 5.9;
				TARGETED_DEVICE_FAMILY = "1,2";
			};
			name = Debug;
		};
/* End XCBuildConfiguration section */

/* Begin XCConfigurationList section */
		0180D5C4E7F96F641BCC55CD /* Build configuration list for PBXProject "100Burfords" */ = {
			isa = XCConfigurationList;
			buildConfigurations = (
				2187E290B06455B0F436697E /* Debug */,
				87FF84F0CA31785106ADB5E7 /* Release */,
			);
			defaultConfigurationIsVisible = 0;
			defaultConfigurationName = Debug;
		};
		DB46E28BFFF1F75373E105A3 /* Build configuration list for PBXNativeTarget "Burfords" */ = {
			isa = XCConfigurationList;
			buildConfigurations = (
				F6DA3154EBC9F7921EFFB649 /* Debug */,
				5E53508DC905A55A68485B13 /* Release */,
			);
			defaultConfigurationIsVisible = 0;
			defaultConfigurationName = Debug;
		};
/* End XCConfigurationList section */
	};
	rootObject = 5F2BE0B56334E5C203FBA19D /* Project object */;
}
